// !$*UTF8*$!
{
	archiveVersion = 1;
	classes = {
	};
	objectVersion = 55;
	objects = {

/* Begin PBXBuildFile section */
		0D5575B328AA6440003D41C4 /* AppDelegate.swift in Sources */ = {isa = PBXBuildFile; fileRef = 0D5575B228AA6440003D41C4 /* AppDelegate.swift */; };
		0D5575BC28AA6443003D41C4 /* Assets.xcassets in Resources */ = {isa = PBXBuildFile; fileRef = 0D5575BB28AA6443003D41C4 /* Assets.xcassets */; };
		0D5575BF28AA6443003D41C4 /* LaunchScreen.storyboard in Resources */ = {isa = PBXBuildFile; fileRef = 0D5575BD28AA6443003D41C4 /* LaunchScreen.storyboard */; };
		0D5575C828AA6465003D41C4 /* List.storyboard in Resources */ = {isa = PBXBuildFile; fileRef = 0D5575C728AA6465003D41C4 /* List.storyboard */; };
		0D5575CA28AA647C003D41C4 /* ListVC.swift in Sources */ = {isa = PBXBuildFile; fileRef = 0D5575C928AA647C003D41C4 /* ListVC.swift */; };
		0D5575CF28AA64F5003D41C4 /* PokemonModel.swift in Sources */ = {isa = PBXBuildFile; fileRef = 0D5575CE28AA64F5003D41C4 /* PokemonModel.swift */; };
		0D5575D128AA6527003D41C4 /* Constant.swift in Sources */ = {isa = PBXBuildFile; fileRef = 0D5575D028AA6527003D41C4 /* Constant.swift */; };
		0D5575D328AA6573003D41C4 /* ListViewModel.swift in Sources */ = {isa = PBXBuildFile; fileRef = 0D5575D228AA6573003D41C4 /* ListViewModel.swift */; };
		0D5575DE28AA7FA9003D41C4 /* Detail.storyboard in Resources */ = {isa = PBXBuildFile; fileRef = 0D5575DD28AA7FA9003D41C4 /* Detail.storyboard */; };
		0D5575E028AA80B9003D41C4 /* DetailVC.swift in Sources */ = {isa = PBXBuildFile; fileRef = 0D5575DF28AA80B9003D41C4 /* DetailVC.swift */; };
		0D5575E428AA942C003D41C4 /* PokemonIDModel.swift in Sources */ = {isa = PBXBuildFile; fileRef = 0D5575E328AA942C003D41C4 /* PokemonIDModel.swift */; };
		0D5575E828AAC26C003D41C4 /* imageView.swift in Sources */ = {isa = PBXBuildFile; fileRef = 0D5575E728AAC26C003D41C4 /* imageView.swift */; };
		0D5575EC28AAF353003D41C4 /* NextModel.swift in Sources */ = {isa = PBXBuildFile; fileRef = 0D5575EB28AAF353003D41C4 /* NextModel.swift */; };
		0DA66DCE28ADAE7800C8F52D /* ListVC + TableView.swift in Sources */ = {isa = PBXBuildFile; fileRef = 0DA66DCD28ADAE7800C8F52D /* ListVC + TableView.swift */; };
/* End PBXBuildFile section */

/* Begin PBXFileReference section */
		0D5575AF28AA6440003D41C4 /* PokemonTask.app */ = {isa = PBXFileReference; explicitFileType = wrapper.application; includeInIndex = 0; path = PokemonTask.app; sourceTree = BUILT_PRODUCTS_DIR; };
		0D5575B228AA6440003D41C4 /* AppDelegate.swift */ = {isa = PBXFileReference; lastKnownFileType = sourcecode.swift; path = AppDelegate.swift; sourceTree = "<group>"; };
		0D5575BB28AA6443003D41C4 /* Assets.xcassets */ = {isa = PBXFileReference; lastKnownFileType = folder.assetcatalog; path = Assets.xcassets; sourceTree = "<group>"; };
		0D5575BE28AA6443003D41C4 /* Base */ = {isa = PBXFileReference; lastKnownFileType = file.storyboard; name = Base; path = Base.lproj/LaunchScreen.storyboard; sourceTree = "<group>"; };
		0D5575C028AA6443003D41C4 /* Info.plist */ = {isa = PBXFileReference; lastKnownFileType = text.plist.xml; path = Info.plist; sourceTree = "<group>"; };
		0D5575C728AA6465003D41C4 /* List.storyboard */ = {isa = PBXFileReference; lastKnownFileType = file.storyboard; path = List.storyboard; sourceTree = "<group>"; };
		0D5575C928AA647C003D41C4 /* ListVC.swift */ = {isa = PBXFileReference; lastKnownFileType = sourcecode.swift; path = ListVC.swift; sourceTree = "<group>"; };
		0D5575CE28AA64F5003D41C4 /* PokemonModel.swift */ = {isa = PBXFileReference; lastKnownFileType = sourcecode.swift; path = PokemonModel.swift; sourceTree = "<group>"; };
		0D5575D028AA6527003D41C4 /* Constant.swift */ = {isa = PBXFileReference; lastKnownFileType = sourcecode.swift; path = Constant.swift; sourceTree = "<group>"; };
		0D5575D228AA6573003D41C4 /* ListViewModel.swift */ = {isa = PBXFileReference; lastKnownFileType = sourcecode.swift; path = ListViewModel.swift; sourceTree = "<group>"; };
		0D5575DD28AA7FA9003D41C4 /* Detail.storyboard */ = {isa = PBXFileReference; lastKnownFileType = file.storyboard; path = Detail.storyboard; sourceTree = "<group>"; };
		0D5575DF28AA80B9003D41C4 /* DetailVC.swift */ = {isa = PBXFileReference; lastKnownFileType = sourcecode.swift; path = DetailVC.swift; sourceTree = "<group>"; };
		0D5575E328AA942C003D41C4 /* PokemonIDModel.swift */ = {isa = PBXFileReference; lastKnownFileType = sourcecode.swift; path = PokemonIDModel.swift; sourceTree = "<group>"; };
		0D5575E728AAC26C003D41C4 /* imageView.swift */ = {isa = PBXFileReference; lastKnownFileType = sourcecode.swift; path = imageView.swift; sourceTree = "<group>"; };
		0D5575EB28AAF353003D41C4 /* NextModel.swift */ = {isa = PBXFileReference; lastKnownFileType = sourcecode.swift; path = NextModel.swift; sourceTree = "<group>"; };
		0DA66DCD28ADAE7800C8F52D /* ListVC + TableView.swift */ = {isa = PBXFileReference; lastKnownFileType = sourcecode.swift; path = "ListVC + TableView.swift"; sourceTree = "<group>"; };
/* End PBXFileReference section */

/* Begin PBXFrameworksBuildPhase section */
		0D5575AC28AA6440003D41C4 /* Frameworks */ = {
			isa = PBXFrameworksBuildPhase;
			buildActionMask = 2147483647;
			files = (
			);
			runOnlyForDeploymentPostprocessing = 0;
		};
/* End PBXFrameworksBuildPhase section */

/* Begin PBXGroup section */
		0D5575A628AA6440003D41C4 = {
			isa = PBXGroup;
			children = (
				0D5575B128AA6440003D41C4 /* PokemonTask */,
				0D5575B028AA6440003D41C4 /* Products */,
			);
			sourceTree = "<group>";
		};
		0D5575B028AA6440003D41C4 /* Products */ = {
			isa = PBXGroup;
			children = (
				0D5575AF28AA6440003D41C4 /* PokemonTask.app */,
			);
			name = Products;
			sourceTree = "<group>";
		};
		0D5575B128AA6440003D41C4 /* PokemonTask */ = {
			isa = PBXGroup;
			children = (
				0D5575C628AA644F003D41C4 /* App */,
				0D5575CC28AA6489003D41C4 /* Modules */,
				0D5575CD28AA64E4003D41C4 /* Model */,
				0D5575D628AA6866003D41C4 /* Additional Components */,
				0D5575BB28AA6443003D41C4 /* Assets.xcassets */,
				0D5575BD28AA6443003D41C4 /* LaunchScreen.storyboard */,
				0D5575C028AA6443003D41C4 /* Info.plist */,
				0D5575D028AA6527003D41C4 /* Constant.swift */,
			);
			path = PokemonTask;
			sourceTree = "<group>";
		};
		0D5575C628AA644F003D41C4 /* App */ = {
			isa = PBXGroup;
			children = (
				0D5575B228AA6440003D41C4 /* AppDelegate.swift */,
			);
			path = App;
			sourceTree = "<group>";
		};
		0D5575CB28AA6482003D41C4 /* List */ = {
			isa = PBXGroup;
			children = (
				0D5575C728AA6465003D41C4 /* List.storyboard */,
				0D5575C928AA647C003D41C4 /* ListVC.swift */,
				0D5575D228AA6573003D41C4 /* ListViewModel.swift */,
				0DA66DCD28ADAE7800C8F52D /* ListVC + TableView.swift */,
			);
			path = List;
			sourceTree = "<group>";
		};
		0D5575CC28AA6489003D41C4 /* Modules */ = {
			isa = PBXGroup;
			children = (
				0D5575CB28AA6482003D41C4 /* List */,
				0D5575DC28AA7F93003D41C4 /* DetailVC */,
			);
			path = Modules;
			sourceTree = "<group>";
		};
		0D5575CD28AA64E4003D41C4 /* Model */ = {
			isa = PBXGroup;
			children = (
				0D5575CE28AA64F5003D41C4 /* PokemonModel.swift */,
				0D5575E328AA942C003D41C4 /* PokemonIDModel.swift */,
				0D5575EB28AAF353003D41C4 /* NextModel.swift */,
			);
			path = Model;
			sourceTree = "<group>";
		};
		0D5575D628AA6866003D41C4 /* Additional Components */ = {
			isa = PBXGroup;
			children = (
				0D5575E628AAC219003D41C4 /* ImageView + URL */,
			);
			path = "Additional Components";
			sourceTree = "<group>";
		};
		0D5575DC28AA7F93003D41C4 /* DetailVC */ = {
			isa = PBXGroup;
			children = (
				0D5575DD28AA7FA9003D41C4 /* Detail.storyboard */,
				0D5575DF28AA80B9003D41C4 /* DetailVC.swift */,
			);
			path = DetailVC;
			sourceTree = "<group>";
		};
		0D5575E628AAC219003D41C4 /* ImageView + URL */ = {
			isa = PBXGroup;
			children = (
				0D5575E728AAC26C003D41C4 /* imageView.swift */,
			);
			path = "ImageView + URL";
			sourceTree = "<group>";
		};
/* End PBXGroup section */

/* Begin PBXNativeTarget section */
		0D5575AE28AA6440003D41C4 /* PokemonTask */ = {
			isa = PBXNativeTarget;
			buildConfigurationList = 0D5575C328AA6443003D41C4 /* Build configuration list for PBXNativeTarget "PokemonTask" */;
			buildPhases = (
				0D5575AB28AA6440003D41C4 /* Sources */,
				0D5575AC28AA6440003D41C4 /* Frameworks */,
				0D5575AD28AA6440003D41C4 /* Resources */,
			);
			buildRules = (
			);
			dependencies = (
			);
			name = PokemonTask;
			productName = PokemonTask;
			productReference = 0D5575AF28AA6440003D41C4 /* PokemonTask.app */;
			productType = "com.apple.product-type.application";
		};
/* End PBXNativeTarget section */

/* Begin PBXProject section */
		0D5575A728AA6440003D41C4 /* Project object */ = {
			isa = PBXProject;
			attributes = {
				BuildIndependentTargetsInParallel = 1;
				LastSwiftUpdateCheck = 1340;
				LastUpgradeCheck = 1340;
				TargetAttributes = {
					0D5575AE28AA6440003D41C4 = {
						CreatedOnToolsVersion = 13.4.1;
					};
				};
			};
			buildConfigurationList = 0D5575AA28AA6440003D41C4 /* Build configuration list for PBXProject "PokemonTask" */;
			compatibilityVersion = "Xcode 13.0";
			developmentRegion = en;
			hasScannedForEncodings = 0;
			knownRegions = (
				en,
				Base,
			);
			mainGroup = 0D5575A628AA6440003D41C4;
			productRefGroup = 0D5575B028AA6440003D41C4 /* Products */;
			projectDirPath = "";
			projectRoot = "";
			targets = (
				0D5575AE28AA6440003D41C4 /* PokemonTask */,
			);
		};
/* End PBXProject section */

/* Begin PBXResourcesBuildPhase section */
		0D5575AD28AA6440003D41C4 /* Resources */ = {
			isa = PBXResourcesBuildPhase;
			buildActionMask = 2147483647;
			files = (
				0D5575BF28AA6443003D41C4 /* LaunchScreen.storyboard in Resources */,
				0D5575C828AA6465003D41C4 /* List.storyboard in Resources */,
				0D5575BC28AA6443003D41C4 /* Assets.xcassets in Resources */,
				0D5575DE28AA7FA9003D41C4 /* Detail.storyboard in Resources */,
			);
			runOnlyForDeploymentPostprocessing = 0;
		};
/* End PBXResourcesBuildPhase section */

/* Begin PBXSourcesBuildPhase section */
		0D5575AB28AA6440003D41C4 /* Sources */ = {
			isa = PBXSourcesBuildPhase;
			buildActionMask = 2147483647;
			files = (
				0D5575CF28AA64F5003D41C4 /* PokemonModel.swift in Sources */,
				0D5575CA28AA647C003D41C4 /* ListVC.swift in Sources */,
				0D5575EC28AAF353003D41C4 /* NextModel.swift in Sources */,
				0D5575E828AAC26C003D41C4 /* imageView.swift in Sources */,
				0D5575D328AA6573003D41C4 /* ListViewModel.swift in Sources */,
				0D5575D128AA6527003D41C4 /* Constant.swift in Sources */,
				0D5575E428AA942C003D41C4 /* PokemonIDModel.swift in Sources */,
				0D5575E028AA80B9003D41C4 /* DetailVC.swift in Sources */,
				0DA66DCE28ADAE7800C8F52D /* ListVC + TableView.swift in Sources */,
				0D5575B328AA6440003D41C4 /* AppDelegate.swift in Sources */,
			);
			runOnlyForDeploymentPostprocessing = 0;
		};
/* End PBXSourcesBuildPhase section */

/* Begin PBXVariantGroup section */
		0D5575BD28AA6443003D41C4 /* LaunchScreen.storyboard */ = {
			isa = PBXVariantGroup;
			children = (
				0D5575BE28AA6443003D41C4 /* Base */,
			);
			name = LaunchScreen.storyboard;
			sourceTree = "<group>";
		};
/* End PBXVariantGroup section */

/* Begin XCBuildConfiguration section */
		0D5575C128AA6443003D41C4 /* Debug */ = {
			isa = XCBuildConfiguration;
			buildSettings = {
				ALWAYS_SEARCH_USER_PATHS = NO;
				CLANG_ANALYZER_NONNULL = YES;
				CLANG_ANALYZER_NUMBER_OBJECT_CONVERSION = YES_AGGRESSIVE;
				CLANG_CXX_LANGUAGE_STANDARD = "gnu++17";
				CLANG_ENABLE_MODULES = YES;
				CLANG_ENABLE_OBJC_ARC = YES;
				CLANG_ENABLE_OBJC_WEAK = YES;
				CLANG_WARN_BLOCK_CAPTURE_AUTORELEASING = YES;
				CLANG_WARN_BOOL_CONVERSION = YES;
				CLANG_WARN_COMMA = YES;
				CLANG_WARN_CONSTANT_CONVERSION = YES;
				CLANG_WARN_DEPRECATED_OBJC_IMPLEMENTATIONS = YES;
				CLANG_WARN_DIRECT_OBJC_ISA_USAGE = YES_ERROR;
				CLANG_WARN_DOCUMENTATION_COMMENTS = YES;
				CLANG_WARN_EMPTY_BODY = YES;
				CLANG_WARN_ENUM_CONVERSION = YES;
				CLANG_WARN_INFINITE_RECURSION = YES;
				CLANG_WARN_INT_CONVERSION = YES;
				CLANG_WARN_NON_LITERAL_NULL_CONVERSION = YES;
				CLANG_WARN_OBJC_IMPLICIT_RETAIN_SELF = YES;
				CLANG_WARN_OBJC_LITERAL_CONVERSION = YES;
				CLANG_WARN_OBJC_ROOT_CLASS = YES_ERROR;
				CLANG_WARN_QUOTED_INCLUDE_IN_FRAMEWORK_HEADER = YES;
				CLANG_WARN_RANGE_LOOP_ANALYSIS = YES;
				CLANG_WARN_STRICT_PROTOTYPES = YES;
				CLANG_WARN_SUSPICIOUS_MOVE = YES;
				CLANG_WARN_UNGUARDED_AVAILABILITY = YES_AGGRESSIVE;
				CLANG_WARN_UNREACHABLE_CODE = YES;
				CLANG_WARN__DUPLICATE_METHOD_MATCH = YES;
				COPY_PHASE_STRIP = NO;
				DEBUG_INFORMATION_FORMAT = dwarf;
				ENABLE_STRICT_OBJC_MSGSEND = YES;
				ENABLE_TESTABILITY = YES;
				GCC_C_LANGUAGE_STANDARD = gnu11;
				GCC_DYNAMIC_NO_PIC = NO;
				GCC_NO_COMMON_BLOCKS = YES;
				GCC_OPTIMIZATION_LEVEL = 0;
				GCC_PREPROCESSOR_DEFINITIONS = (
					"DEBUG=1",
					"$(inherited)",
				);
				GCC_WARN_64_TO_32_BIT_CONVERSION = YES;
				GCC_WARN_ABOUT_RETURN_TYPE = YES_ERROR;
				GCC_WARN_UNDECLARED_SELECTOR = YES;
				GCC_WARN_UNINITIALIZED_AUTOS = YES_AGGRESSIVE;
				GCC_WARN_UNUSED_FUNCTION = YES;
				GCC_WARN_UNUSED_VARIABLE = YES;
				IPHONEOS_DEPLOYMENT_TARGET = 15.5;
				MTL_ENABLE_DEBUG_INFO = INCLUDE_SOURCE;
				MTL_FAST_MATH = YES;
				ONLY_ACTIVE_ARCH = YES;
				SDKROOT = iphoneos;
				SWIFT_ACTIVE_COMPILATION_CONDITIONS = DEBUG;
				SWIFT_OPTIMIZATION_LEVEL = "-Onone";
			};
			name = Debug;
		};
		0D5575C228AA6443003D41C4 /* Release */ = {
			isa = XCBuildConfiguration;
			buildSettings = {
				ALWAYS_SEARCH_USER_PATHS = NO;
				CLANG_ANALYZER_NONNULL = YES;
				CLANG_ANALYZER_NUMBER_OBJECT_CONVERSION = YES_AGGRESSIVE;
				CLANG_CXX_LANGUAGE_STANDARD = "gnu++17";
				CLANG_ENABLE_MODULES = YES;
				CLANG_ENABLE_OBJC_ARC = YES;
				CLANG_ENABLE_OBJC_WEAK = YES;
				CLANG_WARN_BLOCK_CAPTURE_AUTORELEASING = YES;
				CLANG_WARN_BOOL_CONVERSION = YES;
				CLANG_WARN_COMMA = YES;
				CLANG_WARN_CONSTANT_CONVERSION = YES;
				CLANG_WARN_DEPRECATED_OBJC_IMPLEMENTATIONS = YES;
				CLANG_WARN_DIRECT_OBJC_ISA_USAGE = YES_ERROR;
				CLANG_WARN_DOCUMENTATION_COMMENTS = YES;
				CLANG_WARN_EMPTY_BODY = YES;
				CLANG_WARN_ENUM_CONVERSION = YES;
				CLANG_WARN_INFINITE_RECURSION = YES;
				CLANG_WARN_INT_CONVERSION = YES;
				CLANG_WARN_NON_LITERAL_NULL_CONVERSION = YES;
				CLANG_WARN_OBJC_IMPLICIT_RETAIN_SELF = YES;
				CLANG_WARN_OBJC_LITERAL_CONVERSION = YES;
				CLANG_WARN_OBJC_ROOT_CLASS = YES_ERROR;
				CLANG_WARN_QUOTED_INCLUDE_IN_FRAMEWORK_HEADER = YES;
				CLANG_WARN_RANGE_LOOP_ANALYSIS = YES;
				CLANG_WARN_STRICT_PROTOTYPES = YES;
				CLANG_WARN_SUSPICIOUS_MOVE = YES;
				CLANG_WARN_UNGUARDED_AVAILABILITY = YES_AGGRESSIVE;
				CLANG_WARN_UNREACHABLE_CODE = YES;
				CLANG_WARN__DUPLICATE_METHOD_MATCH = YES;
				COPY_PHASE_STRIP = NO;
				DEBUG_INFORMATION_FORMAT = "dwarf-with-dsym";
				ENABLE_NS_ASSERTIONS = NO;
				ENABLE_STRICT_OBJC_MSGSEND = YES;
				GCC_C_LANGUAGE_STANDARD = gnu11;
				GCC_NO_COMMON_BLOCKS = YES;
				GCC_WARN_64_TO_32_BIT_CONVERSION = YES;
				GCC_WARN_ABOUT_RETURN_TYPE = YES_ERROR;
				GCC_WARN_UNDECLARED_SELECTOR = YES;
				GCC_WARN_UNINITIALIZED_AUTOS = YES_AGGRESSIVE;
				GCC_WARN_UNUSED_FUNCTION = YES;
				GCC_WARN_UNUSED_VARIABLE = YES;
				IPHONEOS_DEPLOYMENT_TARGET = 15.5;
				MTL_ENABLE_DEBUG_INFO = NO;
				MTL_FAST_MATH = YES;
				SDKROOT = iphoneos;
				SWIFT_COMPILATION_MODE = wholemodule;
				SWIFT_OPTIMIZATION_LEVEL = "-O";
				VALIDATE_PRODUCT = YES;
			};
			name = Release;
		};
		0D5575C428AA6443003D41C4 /* Debug */ = {
			isa = XCBuildConfiguration;
			buildSettings = {
				ASSETCATALOG_COMPILER_APPICON_NAME = AppIcon;
				ASSETCATALOG_COMPILER_GLOBAL_ACCENT_COLOR_NAME = AccentColor;
				CODE_SIGN_STYLE = Automatic;
				CURRENT_PROJECT_VERSION = 1;
				DEVELOPMENT_TEAM = UDG9W6623R;
				GENERATE_INFOPLIST_FILE = YES;
				INFOPLIST_FILE = PokemonTask/Info.plist;
				INFOPLIST_KEY_UIApplicationSupportsIndirectInputEvents = YES;
				INFOPLIST_KEY_UILaunchStoryboardName = LaunchScreen;
				INFOPLIST_KEY_UISupportedInterfaceOrientations_iPad = "UIInterfaceOrientationPortrait UIInterfaceOrientationPortraitUpsideDown UIInterfaceOrientationLandscapeLeft UIInterfaceOrientationLandscapeRight";
				INFOPLIST_KEY_UISupportedInterfaceOrientations_iPhone = "UIInterfaceOrientationPortrait UIInterfaceOrientationLandscapeLeft UIInterfaceOrientationLandscapeRight";
				LD_RUNPATH_SEARCH_PATHS = (
					"$(inherited)",
					"@executable_path/Frameworks",
				);
				MARKETING_VERSION = 1.0;
				PRODUCT_BUNDLE_IDENTIFIER = HaydarBekmuradov.PokemonTask;
				PRODUCT_NAME = "$(TARGET_NAME)";
				SWIFT_EMIT_LOC_STRINGS = YES;
				SWIFT_VERSION = 5.0;
				TARGETED_DEVICE_FAMILY = "1,2";
			};
			name = Debug;
		};
		0D5575C528AA6443003D41C4 /* Release */ = {
			isa = XCBuildConfiguration;
			buildSettings = {
				ASSETCATALOG_COMPILER_APPICON_NAME = AppIcon;
				ASSETCATALOG_COMPILER_GLOBAL_ACCENT_COLOR_NAME = AccentColor;
				CODE_SIGN_STYLE = Automatic;
				CURRENT_PROJECT_VERSION = 1;
				DEVELOPMENT_TEAM = UDG9W6623R;
				GENERATE_INFOPLIST_FILE = YES;
				INFOPLIST_FILE = PokemonTask/Info.plist;
				INFOPLIST_KEY_UIApplicationSupportsIndirectInputEvents = YES;
				INFOPLIST_KEY_UILaunchStoryboardName = LaunchScreen;
				INFOPLIST_KEY_UISupportedInterfaceOrientations_iPad = "UIInterfaceOrientationPortrait UIInterfaceOrientationPortraitUpsideDown UIInterfaceOrientationLandscapeLeft UIInterfaceOrientationLandscapeRight";
				INFOPLIST_KEY_UISupportedInterfaceOrientations_iPhone = "UIInterfaceOrientationPortrait UIInterfaceOrientationLandscapeLeft UIInterfaceOrientationLandscapeRight";
				LD_RUNPATH_SEARCH_PATHS = (
					"$(inherited)",
					"@executable_path/Frameworks",
				);
				MARKETING_VERSION = 1.0;
				PRODUCT_BUNDLE_IDENTIFIER = HaydarBekmuradov.PokemonTask;
				PRODUCT_NAME = "$(TARGET_NAME)";
				SWIFT_EMIT_LOC_STRINGS = YES;
				SWIFT_VERSION = 5.0;
				TARGETED_DEVICE_FAMILY = "1,2";
			};
			name = Release;
		};
/* End XCBuildConfiguration section */

/* Begin XCConfigurationList section */
		0D5575AA28AA6440003D41C4 /* Build configuration list for PBXProject "PokemonTask" */ = {
			isa = XCConfigurationList;
			buildConfigurations = (
				0D5575C128AA6443003D41C4 /* Debug */,
				0D5575C228AA6443003D41C4 /* Release */,
			);
			defaultConfigurationIsVisible = 0;
			defaultConfigurationName = Release;
		};
		0D5575C328AA6443003D41C4 /* Build configuration list for PBXNativeTarget "PokemonTask" */ = {
			isa = XCConfigurationList;
			buildConfigurations = (
				0D5575C428AA6443003D41C4 /* Debug */,
				0D5575C528AA6443003D41C4 /* Release */,
			);
			defaultConfigurationIsVisible = 0;
			defaultConfigurationName = Release;
		};
/* End XCConfigurationList section */
	};
	rootObject = 0D5575A728AA6440003D41C4 /* Project object */;
}
